
Microsoft Visual Studio Solution File, Format Version 12.00
# Visual Studio Version 16
VisualStudioVersion = 16.0.31112.23
MinimumVisualStudioVersion = 10.0.40219.1
Project("{FAE04EC0-301F-11D3-BF4B-00C04F79EFBC}") = "CommanderGQL", "CommanderGQL\CommanderGQL.csproj", "{344480EF-2AD9-491A-BFD3-34581E3467C2}"
EndProject
Global
	GlobalSection(SolutionConfigurationPlatforms) = preSolution
		Debug|Any CPU = Debug|Any CPU
		Release|Any CPU = Release|Any CPU
	EndGlobalSection
	GlobalSection(ProjectConfigurationPlatforms) = postSolution
		{344480EF-2AD9-491A-BFD3-34581E3467C2}.Debug|Any CPU.ActiveCfg = Debug|Any CPU
		{344480EF-2AD9-491A-BFD3-34581E3467C2}.Debug|Any CPU.Build.0 = Debug|Any CPU
		{344480EF-2AD9-491A-BFD3-34581E3467C2}.Release|Any CPU.ActiveCfg = Release|Any CPU
		{344480EF-2AD9-491A-BFD3-34581E3467C2}.Release|Any CPU.Build.0 = Release|Any CPU
	EndGlobalSection
	GlobalSection(SolutionProperties) = preSolution
		HideSolutionNode = FALSE
	EndGlobalSection
	GlobalSection(ExtensibilityGlobals) = postSolution
		SolutionGuid = {70DDD268-219A-4570-A12C-EDA03224E4F7}
	EndGlobalSection
EndGlobal
